// !$*UTF8*$!
{
	archiveVersion = 1;
	classes = {
	};
	objectVersion = 46;
	objects = {

/* Begin PBXBuildFile section */
		1F5123091E33B6D8006A7E39 /* AppDelegate.swift in Sources */ = {isa = PBXBuildFile; fileRef = 1F5123081E33B6D8006A7E39 /* AppDelegate.swift */; };
		1F51230B1E33B6D8006A7E39 /* ViewController.swift in Sources */ = {isa = PBXBuildFile; fileRef = 1F51230A1E33B6D8006A7E39 /* ViewController.swift */; };
		1F51230E1E33B6D8006A7E39 /* Main.storyboard in Resources */ = {isa = PBXBuildFile; fileRef = 1F51230C1E33B6D8006A7E39 /* Main.storyboard */; };
		1F5123111E33B6D8006A7E39 /* Helloworld.xcdatamodeld in Sources */ = {isa = PBXBuildFile; fileRef = 1F51230F1E33B6D8006A7E39 /* Helloworld.xcdatamodeld */; };
		1F5123131E33B6D8006A7E39 /* Assets.xcassets in Resources */ = {isa = PBXBuildFile; fileRef = 1F5123121E33B6D8006A7E39 /* Assets.xcassets */; };
		1F5123161E33B6D8006A7E39 /* LaunchScreen.storyboard in Resources */ = {isa = PBXBuildFile; fileRef = 1F5123141E33B6D8006A7E39 /* LaunchScreen.storyboard */; };
		1F5123211E33B6D8006A7E39 /* HelloworldTests.swift in Sources */ = {isa = PBXBuildFile; fileRef = 1F5123201E33B6D8006A7E39 /* HelloworldTests.swift */; };
		1F51232C1E33B6D8006A7E39 /* HelloworldUITests.swift in Sources */ = {isa = PBXBuildFile; fileRef = 1F51232B1E33B6D8006A7E39 /* HelloworldUITests.swift */; };
/* End PBXBuildFile section */

/* Begin PBXContainerItemProxy section */
		1F51231D1E33B6D8006A7E39 /* PBXContainerItemProxy */ = {
			isa = PBXContainerItemProxy;
			containerPortal = 1F5122FD1E33B6D8006A7E39 /* Project object */;
			proxyType = 1;
			remoteGlobalIDString = 1F5123041E33B6D8006A7E39;
			remoteInfo = Helloworld;
		};
		1F5123281E33B6D8006A7E39 /* PBXContainerItemProxy */ = {
			isa = PBXContainerItemProxy;
			containerPortal = 1F5122FD1E33B6D8006A7E39 /* Project object */;
			proxyType = 1;
			remoteGlobalIDString = 1F5123041E33B6D8006A7E39;
			remoteInfo = Helloworld;
		};
/* End PBXContainerItemProxy section */

/* Begin PBXFileReference section */
		1F5123051E33B6D8006A7E39 /* Helloworld.app */ = {isa = PBXFileReference; explicitFileType = wrapper.application; includeInIndex = 0; path = Helloworld.app; sourceTree = BUILT_PRODUCTS_DIR; };
		1F5123081E33B6D8006A7E39 /* AppDelegate.swift */ = {isa = PBXFileReference; lastKnownFileType = sourcecode.swift; path = AppDelegate.swift; sourceTree = "<group>"; };
		1F51230A1E33B6D8006A7E39 /* ViewController.swift */ = {isa = PBXFileReference; lastKnownFileType = sourcecode.swift; path = ViewController.swift; sourceTree = "<group>"; };
		1F51230D1E33B6D8006A7E39 /* Base */ = {isa = PBXFileReference; lastKnownFileType = file.storyboard; name = Base; path = Base.lproj/Main.storyboard; sourceTree = "<group>"; };
		1F5123101E33B6D8006A7E39 /* Helloworld.xcdatamodel */ = {isa = PBXFileReference; lastKnownFileType = wrapper.xcdatamodel; path = Helloworld.xcdatamodel; sourceTree = "<group>"; };
		1F5123121E33B6D8006A7E39 /* Assets.xcassets */ = {isa = PBXFileReference; lastKnownFileType = folder.assetcatalog; path = Assets.xcassets; sourceTree = "<group>"; };
		1F5123151E33B6D8006A7E39 /* Base */ = {isa = PBXFileReference; lastKnownFileType = file.storyboard; name = Base; path = Base.lproj/LaunchScreen.storyboard; sourceTree = "<group>"; };
		1F5123171E33B6D8006A7E39 /* Info.plist */ = {isa = PBXFileReference; lastKnownFileType = text.plist.xml; path = Info.plist; sourceTree = "<group>"; };
		1F51231C1E33B6D8006A7E39 /* HelloworldTests.xctest */ = {isa = PBXFileReference; explicitFileType = wrapper.cfbundle; includeInIndex = 0; path = HelloworldTests.xctest; sourceTree = BUILT_PRODUCTS_DIR; };
		1F5123201E33B6D8006A7E39 /* HelloworldTests.swift */ = {isa = PBXFileReference; lastKnownFileType = sourcecode.swift; path = HelloworldTests.swift; sourceTree = "<group>"; };
		1F5123221E33B6D8006A7E39 /* Info.plist */ = {isa = PBXFileReference; lastKnownFileType = text.plist.xml; path = Info.plist; sourceTree = "<group>"; };
		1F5123271E33B6D8006A7E39 /* HelloworldUITests.xctest */ = {isa = PBXFileReference; explicitFileType = wrapper.cfbundle; includeInIndex = 0; path = HelloworldUITests.xctest; sourceTree = BUILT_PRODUCTS_DIR; };
		1F51232B1E33B6D8006A7E39 /* HelloworldUITests.swift */ = {isa = PBXFileReference; lastKnownFileType = sourcecode.swift; path = HelloworldUITests.swift; sourceTree = "<group>"; };
		1F51232D1E33B6D8006A7E39 /* Info.plist */ = {isa = PBXFileReference; lastKnownFileType = text.plist.xml; path = Info.plist; sourceTree = "<group>"; };
/* End PBXFileReference section */

/* Begin PBXFrameworksBuildPhase section */
		1F5123021E33B6D8006A7E39 /* Frameworks */ = {
			isa = PBXFrameworksBuildPhase;
			buildActionMask = 2147483647;
			files = (
			);
			runOnlyForDeploymentPostprocessing = 0;
		};
		1F5123191E33B6D8006A7E39 /* Frameworks */ = {
			isa = PBXFrameworksBuildPhase;
			buildActionMask = 2147483647;
			files = (
			);
			runOnlyForDeploymentPostprocessing = 0;
		};
		1F5123241E33B6D8006A7E39 /* Frameworks */ = {
			isa = PBXFrameworksBuildPhase;
			buildActionMask = 2147483647;
			files = (
			);
			runOnlyForDeploymentPostprocessing = 0;
		};
/* End PBXFrameworksBuildPhase section */

/* Begin PBXGroup section */
		1F5122FC1E33B6D8006A7E39 = {
			isa = PBXGroup;
			children = (
				1F5123071E33B6D8006A7E39 /* Helloworld */,
				1F51231F1E33B6D8006A7E39 /* HelloworldTests */,
				1F51232A1E33B6D8006A7E39 /* HelloworldUITests */,
				1F5123061E33B6D8006A7E39 /* Products */,
			);
			sourceTree = "<group>";
		};
		1F5123061E33B6D8006A7E39 /* Products */ = {
			isa = PBXGroup;
			children = (
				1F5123051E33B6D8006A7E39 /* Helloworld.app */,
				1F51231C1E33B6D8006A7E39 /* HelloworldTests.xctest */,
				1F5123271E33B6D8006A7E39 /* HelloworldUITests.xctest */,
			);
			name = Products;
			sourceTree = "<group>";
		};
		1F5123071E33B6D8006A7E39 /* Helloworld */ = {
			isa = PBXGroup;
			children = (
				1F5123081E33B6D8006A7E39 /* AppDelegate.swift */,
				1F51230A1E33B6D8006A7E39 /* ViewController.swift */,
				1F51230C1E33B6D8006A7E39 /* Main.storyboard */,
				1F5123121E33B6D8006A7E39 /* Assets.xcassets */,
				1F5123141E33B6D8006A7E39 /* LaunchScreen.storyboard */,
				1F5123171E33B6D8006A7E39 /* Info.plist */,
				1F51230F1E33B6D8006A7E39 /* Helloworld.xcdatamodeld */,
			);
			path = Helloworld;
			sourceTree = "<group>";
		};
		1F51231F1E33B6D8006A7E39 /* HelloworldTests */ = {
			isa = PBXGroup;
			children = (
				1F5123201E33B6D8006A7E39 /* HelloworldTests.swift */,
				1F5123221E33B6D8006A7E39 /* Info.plist */,
			);
			path = HelloworldTests;
			sourceTree = "<group>";
		};
		1F51232A1E33B6D8006A7E39 /* HelloworldUITests */ = {
			isa = PBXGroup;
			children = (
				1F51232B1E33B6D8006A7E39 /* HelloworldUITests.swift */,
				1F51232D1E33B6D8006A7E39 /* Info.plist */,
			);
			path = HelloworldUITests;
			sourceTree = "<group>";
		};
/* End PBXGroup section */

/* Begin PBXNativeTarget section */
		1F5123041E33B6D8006A7E39 /* Helloworld */ = {
			isa = PBXNativeTarget;
			buildConfigurationList = 1F5123301E33B6D8006A7E39 /* Build configuration list for PBXNativeTarget "Helloworld" */;
			buildPhases = (
				1F5123011E33B6D8006A7E39 /* Sources */,
				1F5123021E33B6D8006A7E39 /* Frameworks */,
				1F5123031E33B6D8006A7E39 /* Resources */,
			);
			buildRules = (
			);
			dependencies = (
			);
			name = Helloworld;
			productName = Helloworld;
			productReference = 1F5123051E33B6D8006A7E39 /* Helloworld.app */;
			productType = "com.apple.product-type.application";
		};
		1F51231B1E33B6D8006A7E39 /* HelloworldTests */ = {
			isa = PBXNativeTarget;
			buildConfigurationList = 1F5123331E33B6D8006A7E39 /* Build configuration list for PBXNativeTarget "HelloworldTests" */;
			buildPhases = (
				1F5123181E33B6D8006A7E39 /* Sources */,
				1F5123191E33B6D8006A7E39 /* Frameworks */,
				1F51231A1E33B6D8006A7E39 /* Resources */,
			);
			buildRules = (
			);
			dependencies = (
				1F51231E1E33B6D8006A7E39 /* PBXTargetDependency */,
			);
			name = HelloworldTests;
			productName = HelloworldTests;
			productReference = 1F51231C1E33B6D8006A7E39 /* HelloworldTests.xctest */;
			productType = "com.apple.product-type.bundle.unit-test";
		};
		1F5123261E33B6D8006A7E39 /* HelloworldUITests */ = {
			isa = PBXNativeTarget;
			buildConfigurationList = 1F5123361E33B6D8006A7E39 /* Build configuration list for PBXNativeTarget "HelloworldUITests" */;
			buildPhases = (
				1F5123231E33B6D8006A7E39 /* Sources */,
				1F5123241E33B6D8006A7E39 /* Frameworks */,
				1F5123251E33B6D8006A7E39 /* Resources */,
			);
			buildRules = (
			);
			dependencies = (
				1F5123291E33B6D8006A7E39 /* PBXTargetDependency */,
			);
			name = HelloworldUITests;
			productName = HelloworldUITests;
			productReference = 1F5123271E33B6D8006A7E39 /* HelloworldUITests.xctest */;
			productType = "com.apple.product-type.bundle.ui-testing";
		};
/* End PBXNativeTarget section */

/* Begin PBXProject section */
		1F5122FD1E33B6D8006A7E39 /* Project object */ = {
			isa = PBXProject;
			attributes = {
				LastSwiftUpdateCheck = 0820;
				LastUpgradeCheck = 0820;
				ORGANIZATIONNAME = "Kennaysha Blanks";
				TargetAttributes = {
					1F5123041E33B6D8006A7E39 = {
						CreatedOnToolsVersion = 8.2.1;
						ProvisioningStyle = Automatic;
					};
					1F51231B1E33B6D8006A7E39 = {
						CreatedOnToolsVersion = 8.2.1;
						ProvisioningStyle = Automatic;
						TestTargetID = 1F5123041E33B6D8006A7E39;
					};
					1F5123261E33B6D8006A7E39 = {
						CreatedOnToolsVersion = 8.2.1;
						ProvisioningStyle = Automatic;
						TestTargetID = 1F5123041E33B6D8006A7E39;
					};
				};
			};
			buildConfigurationList = 1F5123001E33B6D8006A7E39 /* Build configuration list for PBXProject "Helloworld" */;
			compatibilityVersion = "Xcode 3.2";
			developmentRegion = English;
			hasScannedForEncodings = 0;
			knownRegions = (
				en,
				Base,
			);
			mainGroup = 1F5122FC1E33B6D8006A7E39;
			productRefGroup = 1F5123061E33B6D8006A7E39 /* Products */;
			projectDirPath = "";
			projectRoot = "";
			targets = (
				1F5123041E33B6D8006A7E39 /* Helloworld */,
				1F51231B1E33B6D8006A7E39 /* HelloworldTests */,
				1F5123261E33B6D8006A7E39 /* HelloworldUITests */,
			);
		};
/* End PBXProject section */

/* Begin PBXResourcesBuildPhase section */
		1F5123031E33B6D8006A7E39 /* Resources */ = {
			isa = PBXResourcesBuildPhase;
			buildActionMask = 2147483647;
			files = (
				1F5123161E33B6D8006A7E39 /* LaunchScreen.storyboard in Resources */,
				1F5123131E33B6D8006A7E39 /* Assets.xcassets in Resources */,
				1F51230E1E33B6D8006A7E39 /* Main.storyboard in Resources */,
			);
			runOnlyForDeploymentPostprocessing = 0;
		};
		1F51231A1E33B6D8006A7E39 /* Resources */ = {
			isa = PBXResourcesBuildPhase;
			buildActionMask = 2147483647;
			files = (
			);
			runOnlyForDeploymentPostprocessing = 0;
		};
		1F5123251E33B6D8006A7E39 /* Resources */ = {
			isa = PBXResourcesBuildPhase;
			buildActionMask = 2147483647;
			files = (
			);
			runOnlyForDeploymentPostprocessing = 0;
		};
/* End PBXResourcesBuildPhase section */

/* Begin PBXSourcesBuildPhase section */
		1F5123011E33B6D8006A7E39 /* Sources */ = {
			isa = PBXSourcesBuildPhase;
			buildActionMask = 2147483647;
			files = (
				1F5123111E33B6D8006A7E39 /* Helloworld.xcdatamodeld in Sources */,
				1F51230B1E33B6D8006A7E39 /* ViewController.swift in Sources */,
				1F5123091E33B6D8006A7E39 /* AppDelegate.swift in Sources */,
			);
			runOnlyForDeploymentPostprocessing = 0;
		};
		1F5123181E33B6D8006A7E39 /* Sources */ = {
			isa = PBXSourcesBuildPhase;
			buildActionMask = 2147483647;
			files = (
				1F5123211E33B6D8006A7E39 /* HelloworldTests.swift in Sources */,
			);
			runOnlyForDeploymentPostprocessing = 0;
		};
		1F5123231E33B6D8006A7E39 /* Sources */ = {
			isa = PBXSourcesBuildPhase;
			buildActionMask = 2147483647;
			files = (
				1F51232C1E33B6D8006A7E39 /* HelloworldUITests.swift in Sources */,
			);
			runOnlyForDeploymentPostprocessing = 0;
		};
/* End PBXSourcesBuildPhase section */

/* Begin PBXTargetDependency section */
		1F51231E1E33B6D8006A7E39 /* PBXTargetDependency */ = {
			isa = PBXTargetDependency;
			target = 1F5123041E33B6D8006A7E39 /* Helloworld */;
			targetProxy = 1F51231D1E33B6D8006A7E39 /* PBXContainerItemProxy */;
		};
		1F5123291E33B6D8006A7E39 /* PBXTargetDependency */ = {
			isa = PBXTargetDependency;
			target = 1F5123041E33B6D8006A7E39 /* Helloworld */;
			targetProxy = 1F5123281E33B6D8006A7E39 /* PBXContainerItemProxy */;
		};
/* End PBXTargetDependency section */

/* Begin PBXVariantGroup section */
		1F51230C1E33B6D8006A7E39 /* Main.storyboard */ = {
			isa = PBXVariantGroup;
			children = (
				1F51230D1E33B6D8006A7E39 /* Base */,
			);
			name = Main.storyboard;
			sourceTree = "<group>";
		};
		1F5123141E33B6D8006A7E39 /* LaunchScreen.storyboard */ = {
			isa = PBXVariantGroup;
			children = (
				1F5123151E33B6D8006A7E39 /* Base */,
			);
			name = LaunchScreen.storyboard;
			sourceTree = "<group>";
		};
/* End PBXVariantGroup section */

/* Begin XCBuildConfiguration section */
		1F51232E1E33B6D8006A7E39 /* Debug */ = {
			isa = XCBuildConfiguration;
			buildSettings = {
				ALWAYS_SEARCH_USER_PATHS = NO;
				CLANG_ANALYZER_NONNULL = YES;
				CLANG_CXX_LANGUAGE_STANDARD = "gnu++0x";
				CLANG_CXX_LIBRARY = "libc++";
				CLANG_ENABLE_MODULES = YES;
				CLANG_ENABLE_OBJC_ARC = YES;
				CLANG_WARN_BOOL_CONVERSION = YES;
				CLANG_WARN_CONSTANT_CONVERSION = YES;
				CLANG_WARN_DIRECT_OBJC_ISA_USAGE = YES_ERROR;
				CLANG_WARN_DOCUMENTATION_COMMENTS = YES;
				CLANG_WARN_EMPTY_BODY = YES;
				CLANG_WARN_ENUM_CONVERSION = YES;
				CLANG_WARN_INFINITE_RECURSION = YES;
				CLANG_WARN_INT_CONVERSION = YES;
				CLANG_WARN_OBJC_ROOT_CLASS = YES_ERROR;
				CLANG_WARN_SUSPICIOUS_MOVE = YES;
				CLANG_WARN_UNREACHABLE_CODE = YES;
				CLANG_WARN__DUPLICATE_METHOD_MATCH = YES;
				"CODE_SIGN_IDENTITY[sdk=iphoneos*]" = "iPhone Developer";
				COPY_PHASE_STRIP = NO;
				DEBUG_INFORMATION_FORMAT = dwarf;
				ENABLE_STRICT_OBJC_MSGSEND = YES;
				ENABLE_TESTABILITY = YES;
				GCC_C_LANGUAGE_STANDARD = gnu99;
				GCC_DYNAMIC_NO_PIC = NO;
				GCC_NO_COMMON_BLOCKS = YES;
				GCC_OPTIMIZATION_LEVEL = 0;
				GCC_PREPROCESSOR_DEFINITIONS = (
					"DEBUG=1",
					"$(inherited)",
				);
				GCC_WARN_64_TO_32_BIT_CONVERSION = YES;
				GCC_WARN_ABOUT_RETURN_TYPE = YES_ERROR;
				GCC_WARN_UNDECLARED_SELECTOR = YES;
				GCC_WARN_UNINITIALIZED_AUTOS = YES_AGGRESSIVE;
				GCC_WARN_UNUSED_FUNCTION = YES;
				GCC_WARN_UNUSED_VARIABLE = YES;
				IPHONEOS_DEPLOYMENT_TARGET = 10.2;
				MTL_ENABLE_DEBUG_INFO = YES;
				ONLY_ACTIVE_ARCH = YES;
				SDKROOT = iphoneos;
				SWIFT_ACTIVE_COMPILATION_CONDITIONS = DEBUG;
				SWIFT_OPTIMIZATION_LEVEL = "-Onone";
				TARGETED_DEVICE_FAMILY = "1,2";
			};
			name = Debug;
		};
		1F51232F1E33B6D8006A7E39 /* Release */ = {
			isa = XCBuildConfiguration;
			buildSettings = {
				ALWAYS_SEARCH_USER_PATHS = NO;
				CLANG_ANALYZER_NONNULL = YES;
				CLANG_CXX_LANGUAGE_STANDARD = "gnu++0x";
				CLANG_CXX_LIBRARY = "libc++";
				CLANG_ENABLE_MODULES = YES;
				CLANG_ENABLE_OBJC_ARC = YES;
				CLANG_WARN_BOOL_CONVERSION = YES;
				CLANG_WARN_CONSTANT_CONVERSION = YES;
				CLANG_WARN_DIRECT_OBJC_ISA_USAGE = YES_ERROR;
				CLANG_WARN_DOCUMENTATION_COMMENTS = YES;
				CLANG_WARN_EMPTY_BODY = YES;
				CLANG_WARN_ENUM_CONVERSION = YES;
				CLANG_WARN_INFINITE_RECURSION = YES;
				CLANG_WARN_INT_CONVERSION = YES;
				CLANG_WARN_OBJC_ROOT_CLASS = YES_ERROR;
				CLANG_WARN_SUSPICIOUS_MOVE = YES;
				CLANG_WARN_UNREACHABLE_CODE = YES;
				CLANG_WARN__DUPLICATE_METHOD_MATCH = YES;
				"CODE_SIGN_IDENTITY[sdk=iphoneos*]" = "iPhone Developer";
				COPY_PHASE_STRIP = NO;
				DEBUG_INFORMATION_FORMAT = "dwarf-with-dsym";
				ENABLE_NS_ASSERTIONS = NO;
				ENABLE_STRICT_OBJC_MSGSEND = YES;
				GCC_C_LANGUAGE_STANDARD = gnu99;
				GCC_NO_COMMON_BLOCKS = YES;
				GCC_WARN_64_TO_32_BIT_CONVERSION = YES;
				GCC_WARN_ABOUT_RETURN_TYPE = YES_ERROR;
				GCC_WARN_UNDECLARED_SELECTOR = YES;
				GCC_WARN_UNINITIALIZED_AUTOS = YES_AGGRESSIVE;
				GCC_WARN_UNUSED_FUNCTION = YES;
				GCC_WARN_UNUSED_VARIABLE = YES;
				IPHONEOS_DEPLOYMENT_TARGET = 10.2;
				MTL_ENABLE_DEBUG_INFO = NO;
				SDKROOT = iphoneos;
				SWIFT_OPTIMIZATION_LEVEL = "-Owholemodule";
				TARGETED_DEVICE_FAMILY = "1,2";
				VALIDATE_PRODUCT = YES;
			};
			name = Release;
		};
		1F5123311E33B6D8006A7E39 /* Debug */ = {
			isa = XCBuildConfiguration;
			buildSettings = {
				ASSETCATALOG_COMPILER_APPICON_NAME = AppIcon;
				INFOPLIST_FILE = Helloworld/Info.plist;
				LD_RUNPATH_SEARCH_PATHS = "$(inherited) @executable_path/Frameworks";
				PRODUCT_BUNDLE_IDENTIFIER = countrygirls.Helloworld;
				PRODUCT_NAME = "$(TARGET_NAME)";
				SWIFT_VERSION = 3.0;
			};
			name = Debug;
		};
		1F5123321E33B6D8006A7E39 /* Release */ = {
			isa = XCBuildConfiguration;
			buildSettings = {
				ASSETCATALOG_COMPILER_APPICON_NAME = AppIcon;
				INFOPLIST_FILE = Helloworld/Info.plist;
				LD_RUNPATH_SEARCH_PATHS = "$(inherited) @executable_path/Frameworks";
				PRODUCT_BUNDLE_IDENTIFIER = countrygirls.Helloworld;
				PRODUCT_NAME = "$(TARGET_NAME)";
				SWIFT_VERSION = 3.0;
			};
			name = Release;
		};
		1F5123341E33B6D8006A7E39 /* Debug */ = {
			isa = XCBuildConfiguration;
			buildSettings = {
				ALWAYS_EMBED_SWIFT_STANDARD_LIBRARIES = YES;
				BUNDLE_LOADER = "$(TEST_HOST)";
				INFOPLIST_FILE = HelloworldTests/Info.plist;
				LD_RUNPATH_SEARCH_PATHS = "$(inherited) @executable_path/Frameworks @loader_path/Frameworks";
				PRODUCT_BUNDLE_IDENTIFIER = countrygirls.HelloworldTests;
				PRODUCT_NAME = "$(TARGET_NAME)";
				SWIFT_VERSION = 3.0;
				TEST_HOST = "$(BUILT_PRODUCTS_DIR)/Helloworld.app/Helloworld";
			};
			name = Debug;
		};
		1F5123351E33B6D8006A7E39 /* Release */ = {
			isa = XCBuildConfiguration;
			buildSettings = {
				ALWAYS_EMBED_SWIFT_STANDARD_LIBRARIES = YES;
				BUNDLE_LOADER = "$(TEST_HOST)";
				INFOPLIST_FILE = HelloworldTests/Info.plist;
				LD_RUNPATH_SEARCH_PATHS = "$(inherited) @executable_path/Frameworks @loader_path/Frameworks";
				PRODUCT_BUNDLE_IDENTIFIER = countrygirls.HelloworldTests;
				PRODUCT_NAME = "$(TARGET_NAME)";
				SWIFT_VERSION = 3.0;
				TEST_HOST = "$(BUILT_PRODUCTS_DIR)/Helloworld.app/Helloworld";
			};
			name = Release;
		};
		1F5123371E33B6D8006A7E39 /* Debug */ = {
			isa = XCBuildConfiguration;
			buildSettings = {
				ALWAYS_EMBED_SWIFT_STANDARD_LIBRARIES = YES;
				INFOPLIST_FILE = HelloworldUITests/Info.plist;
				LD_RUNPATH_SEARCH_PATHS = "$(inherited) @executable_path/Frameworks @loader_path/Frameworks";
				PRODUCT_BUNDLE_IDENTIFIER = countrygirls.HelloworldUITests;
				PRODUCT_NAME = "$(TARGET_NAME)";
				SWIFT_VERSION = 3.0;
				TEST_TARGET_NAME = Helloworld;
			};
			name = Debug;
		};
		1F5123381E33B6D8006A7E39 /* Release */ = {
			isa = XCBuildConfiguration;
			buildSettings = {
				ALWAYS_EMBED_SWIFT_STANDARD_LIBRARIES = YES;
				INFOPLIST_FILE = HelloworldUITests/Info.plist;
				LD_RUNPATH_SEARCH_PATHS = "$(inherited) @executable_path/Frameworks @loader_path/Frameworks";
				PRODUCT_BUNDLE_IDENTIFIER = countrygirls.HelloworldUITests;
				PRODUCT_NAME = "$(TARGET_NAME)";
				SWIFT_VERSION = 3.0;
				TEST_TARGET_NAME = Helloworld;
			};
			name = Release;
		};
/* End XCBuildConfiguration section */

/* Begin XCConfigurationList section */
		1F5123001E33B6D8006A7E39 /* Build configuration list for PBXProject "Helloworld" */ = {
			isa = XCConfigurationList;
			buildConfigurations = (
				1F51232E1E33B6D8006A7E39 /* Debug */,
				1F51232F1E33B6D8006A7E39 /* Release */,
			);
			defaultConfigurationIsVisible = 0;
			defaultConfigurationName = Release;
		};
		1F5123301E33B6D8006A7E39 /* Build configuration list for PBXNativeTarget "Helloworld" */ = {
			isa = XCConfigurationList;
			buildConfigurations = (
				1F5123311E33B6D8006A7E39 /* Debug */,
				1F5123321E33B6D8006A7E39 /* Release */,
			);
			defaultConfigurationIsVisible = 0;
		};
		1F5123331E33B6D8006A7E39 /* Build configuration list for PBXNativeTarget "HelloworldTests" */ = {
			isa = XCConfigurationList;
			buildConfigurations = (
				1F5123341E33B6D8006A7E39 /* Debug */,
				1F5123351E33B6D8006A7E39 /* Release */,
			);
			defaultConfigurationIsVisible = 0;
		};
		1F5123361E33B6D8006A7E39 /* Build configuration list for PBXNativeTarget "HelloworldUITests" */ = {
			isa = XCConfigurationList;
			buildConfigurations = (
				1F5123371E33B6D8006A7E39 /* Debug */,
				1F5123381E33B6D8006A7E39 /* Release */,
			);
			defaultConfigurationIsVisible = 0;
		};
/* End XCConfigurationList section */

/* Begin XCVersionGroup section */
		1F51230F1E33B6D8006A7E39 /* Helloworld.xcdatamodeld */ = {
			isa = XCVersionGroup;
			children = (
				1F5123101E33B6D8006A7E39 /* Helloworld.xcdatamodel */,
			);
			currentVersion = 1F5123101E33B6D8006A7E39 /* Helloworld.xcdatamodel */;
			path = Helloworld.xcdatamodeld;
			sourceTree = "<group>";
			versionGroupType = wrapper.xcdatamodel;
		};
/* End XCVersionGroup section */
	};
	rootObject = 1F5122FD1E33B6D8006A7E39 /* Project object */;
}
